<?xml version="1.0" encoding="utf-8"?>
<Project ToolsVersion="4.0" xmlns="http://schemas.microsoft.com/developer/msbuild/2003">
  <ItemGroup>
    <Filter Include="Source files">
      <UniqueIdentifier>{4FC737F1-C7A5-4376-A066-2A32D752A2FF}</UniqueIdentifier>
      <Extensions>cpp;c;cc;cxx;c++;def;odl;idl;hpj;bat;asm;asmx</Extensions>
    </Filter>
    <Filter Include="Header files">
      <UniqueIdentifier>{93995380-89BD-4b04-88EB-625FBE52EBFB}</UniqueIdentifier>
      <Extensions>h;hh;hpp;hxx;h++;hm;inl;inc;ipp;xsd</Extensions>
    </Filter>
    <Filter Include="Resource files">
      <UniqueIdentifier>{67DA6AB6-F800-4c08-8B7A-83BB121AAD01}</UniqueIdentifier>
      <Extensions>rc;ico;cur;bmp;dlg;rc2;rct;bin;rgs;gif;jpg;jpeg;jpe;resx;tiff;tif;png;wav;mfcribbon-ms</Extensions>
    </Filter>
  </ItemGroup>
  <ItemGroup>
    <ClInclude Include="include\Etaine\Helpers\ConsoleHelper.h">
      <Filter>Header files</Filter>
    </ClInclude>
    <ClInclude Include="include\Etaine\Analyzer.h">
      <Filter>Header files</Filter>
    </ClInclude>
    <ClInclude Include="include\Etaine\Packets\Packet.h">
      <Filter>Header files</Filter>
    </ClInclude>
    <ClInclude Include="include\Etaine\Faker.h">
      <Filter>Header files</Filter>
    </ClInclude>
    <ClInclude Include="include\imgui\imstb_truetype.h">
      <Filter>Header files</Filter>
    </ClInclude>
    <ClInclude Include="include\imgui\imconfig.h">
      <Filter>Header files</Filter>
    </ClInclude>
    <ClInclude Include="include\imgui\imgui.h">
      <Filter>Header files</Filter>
    </ClInclude>
    <ClInclude Include="include\imgui\imgui_impl_dx9.h">
      <Filter>Header files</Filter>
    </ClInclude>
    <ClInclude Include="include\imgui\imgui_impl_win32.h">
      <Filter>Header files</Filter>
    </ClInclude>
    <ClInclude Include="include\imgui\imgui_internal.h">
      <Filter>Header files</Filter>
    </ClInclude>
    <ClInclude Include="include\imgui\imstb_rectpack.h">
      <Filter>Header files</Filter>
    </ClInclude>
    <ClInclude Include="include\imgui\imstb_textedit.h">
      <Filter>Header files</Filter>
    </ClInclude>
    <ClInclude Include="include\kiero\kiero.h">
      <Filter>Header files</Filter>
    </ClInclude>
    <ClInclude Include="include\kiero\minhook\src\hde\hde32.h">
      <Filter>Header files</Filter>
    </ClInclude>
    <ClInclude Include="include\kiero\minhook\src\hde\hde64.h">
      <Filter>Header files</Filter>
    </ClInclude>
    <ClInclude Include="include\kiero\minhook\src\hde\pstdint.h">
      <Filter>Header files</Filter>
    </ClInclude>
    <ClInclude Include="include\kiero\minhook\src\hde\table32.h">
      <Filter>Header files</Filter>
    </ClInclude>
    <ClInclude Include="include\kiero\minhook\src\hde\table64.h">
      <Filter>Header files</Filter>
    </ClInclude>
    <ClInclude Include="include\kiero\minhook\src\buffer.h">
      <Filter>Header files</Filter>
    </ClInclude>
    <ClInclude Include="include\kiero\minhook\src\trampoline.h">
      <Filter>Header files</Filter>
    </ClInclude>
    <ClInclude Include="include\kiero\minhook\include\MinHook.h">
      <Filter>Header files</Filter>
    </ClInclude>
    <ClInclude Include="include\Etaine\Helpers\ImGuiHelper.h">
      <Filter>Header files</Filter>
    </ClInclude>
    <ClInclude Include="include\Etaine\Helpers\FileHelper.h">
      <Filter>Header files</Filter>
    </ClInclude>
    <ClInclude Include="include\Etaine\Packets\Opcode.h">
      <Filter>Header files</Filter>
    </ClInclude>
  </ItemGroup>
  <ItemGroup>
    <ClCompile Include="src\Etaine\Helpers\ConsoleHelper.cpp">
      <Filter>Source files</Filter>
    </ClCompile>
    <ClCompile Include="src\Etaine\Analyzer.cpp">
      <Filter>Source files</Filter>
    </ClCompile>
    <ClCompile Include="src\Etaine\Packets\Packet.cpp">
      <Filter>Source files</Filter>
    </ClCompile>
    <ClCompile Include="src\Etaine\Faker.cpp">
      <Filter>Source files</Filter>
    </ClCompile>
    <ClCompile Include="include\imgui\imgui.cpp">
      <Filter>Source files</Filter>
    </ClCompile>
    <ClCompile Include="include\imgui\imgui_demo.cpp">
      <Filter>Source files</Filter>
    </ClCompile>
    <ClCompile Include="include\imgui\imgui_draw.cpp">
      <Filter>Source files</Filter>
    </ClCompile>
    <ClCompile Include="include\imgui\imgui_impl_dx9.cpp">
      <Filter>Source files</Filter>
    </ClCompile>
    <ClCompile Include="include\imgui\imgui_impl_win32.cpp">
      <Filter>Source files</Filter>
    </ClCompile>
    <ClCompile Include="include\imgui\imgui_widgets.cpp">
      <Filter>Source files</Filter>
    </ClCompile>
    <ClCompile Include="include\kiero\kiero.cpp">
      <Filter>Source files</Filter>
    </ClCompile>
    <ClCompile Include="include\kiero\minhook\src\hde\hde32.c">
      <Filter>Source files</Filter>
    </ClCompile>
    <ClCompile Include="include\kiero\minhook\src\hde\hde64.c">
      <Filter>Source files</Filter>
    </ClCompile>
    <ClCompile Include="include\kiero\minhook\src\buffer.c">
      <Filter>Source files</Filter>
    </ClCompile>
    <ClCompile Include="include\kiero\minhook\src\hook.c">
      <Filter>Source files</Filter>
    </ClCompile>
    <ClCompile Include="include\kiero\minhook\src\trampoline.c">
      <Filter>Source files</Filter>
    </ClCompile>
    <ClCompile Include="src\Etaine\Helpers\ImGuiHelper.cpp">
      <Filter>Source files</Filter>
    </ClCompile>
    <ClCompile Include="src\Etaine\Helpers\FileHelper.cpp">
      <Filter>Source files</Filter>
    </ClCompile>
    <ClCompile Include="src\Etaine\Packets\Opcode.cpp">
      <Filter>Source files</Filter>
    </ClCompile>
  </ItemGroup>
  <ItemGroup>
    <None Include="include\kiero\minhook\dll_resources\MinHook.def">
      <Filter>Source files</Filter>
    </None>
  </ItemGroup>
  <ItemGroup>
    <ResourceCompile Include="include\kiero\minhook\dll_resources\MinHook.rc">
      <Filter>Resource files</Filter>
    </ResourceCompile>
  </ItemGroup>
</Project>